
Microsoft Visual Studio Solution File, Format Version 12.00
# Visual Studio 15
VisualStudioVersion = 15.0.28307.421
MinimumVisualStudioVersion = 10.0.40219.1
Project("{FAE04EC0-301F-11D3-BF4B-00C04F79EFBC}") = "Simple Blogg", "Simple Blogg\Simple Blogg.csproj", "{98B3940D-ED70-4C78-B64D-BA15F2040FE2}"
EndProject
Global
	GlobalSection(SolutionConfigurationPlatforms) = preSolution
		Debug|Any CPU = Debug|Any CPU
		Release|Any CPU = Release|Any CPU
	EndGlobalSection
	GlobalSection(ProjectConfigurationPlatforms) = postSolution
		{98B3940D-ED70-4C78-B64D-BA15F2040FE2}.Debug|Any CPU.ActiveCfg = Debug|Any CPU
		{98B3940D-ED70-4C78-B64D-BA15F2040FE2}.Debug|Any CPU.Build.0 = Debug|Any CPU
		{98B3940D-ED70-4C78-B64D-BA15F2040FE2}.Release|Any CPU.ActiveCfg = Release|Any CPU
		{98B3940D-ED70-4C78-B64D-BA15F2040FE2}.Release|Any CPU.Build.0 = Release|Any CPU
	EndGlobalSection
	GlobalSection(SolutionProperties) = preSolution
		HideSolutionNode = FALSE
	EndGlobalSection
	GlobalSection(ExtensibilityGlobals) = postSolution
		SolutionGuid = {5BBA93C2-31D6-4691-9559-F36D21B8448B}
	EndGlobalSection
EndGlobal
